
Microsoft Visual Studio Solution File, Format Version 12.00
# Visual Studio 2015
Project("{FAE04EC0-301F-11D3-BF4B-00C04F79EFBC}") = "Week 2 - SHMUP Continued.CSharp", "Week 2 - SHMUP Continued.CSharp.csproj", "{9D598BEE-3EE4-8A2D-EAD8-C43B6FD021AB}"
EndProject
Global
	GlobalSection(SolutionConfigurationPlatforms) = preSolution
		Debug|Any CPU = Debug|Any CPU
		Release|Any CPU = Release|Any CPU
	EndGlobalSection
	GlobalSection(ProjectConfigurationPlatforms) = postSolution
		{9D598BEE-3EE4-8A2D-EAD8-C43B6FD021AB}.Debug|Any CPU.ActiveCfg = Debug|Any CPU
		{9D598BEE-3EE4-8A2D-EAD8-C43B6FD021AB}.Debug|Any CPU.Build.0 = Debug|Any CPU
		{9D598BEE-3EE4-8A2D-EAD8-C43B6FD021AB}.Release|Any CPU.ActiveCfg = Release|Any CPU
		{9D598BEE-3EE4-8A2D-EAD8-C43B6FD021AB}.Release|Any CPU.Build.0 = Release|Any CPU
	EndGlobalSection
	GlobalSection(SolutionProperties) = preSolution
		HideSolutionNode = FALSE
	EndGlobalSection
EndGlobal
